
Microsoft Visual Studio Solution File, Format Version 12.00
# Visual Studio Version 16
VisualStudioVersion = 16.0.29418.71
MinimumVisualStudioVersion = 10.0.40219.1
Project("{8BC9CEB8-8B4A-11D0-8D11-00A0C91BC942}") = "Assignment", "Assignment.vcxproj", "{40CB15AB-725A-4BD3-B834-6D74ED9348AA}"
	ProjectSection(ProjectDependencies) = postProject
		{CC675469-194B-44F6-8DBE-3A63A3E13DFF} = {CC675469-194B-44F6-8DBE-3A63A3E13DFF}
	EndProjectSection
EndProject
Project("{8BC9CEB8-8B4A-11D0-8D11-00A0C91BC942}") = "ppm", "ppm\ppm.vcxproj", "{CC675469-194B-44F6-8DBE-3A63A3E13DFF}"
EndProject
Project("{8BC9CEB8-8B4A-11D0-8D11-00A0C91BC942}") = "Main_Project", "Main_Project\Main_Project.vcxproj", "{7E6BBA86-C430-49D9-8FA8-37215006946D}"
	ProjectSection(ProjectDependencies) = postProject
		{CC675469-194B-44F6-8DBE-3A63A3E13DFF} = {CC675469-194B-44F6-8DBE-3A63A3E13DFF}
		{40CB15AB-725A-4BD3-B834-6D74ED9348AA} = {40CB15AB-725A-4BD3-B834-6D74ED9348AA}
	EndProjectSection
EndProject
Global
	GlobalSection(SolutionConfigurationPlatforms) = preSolution
		Debug|x64 = Debug|x64
		Debug|x86 = Debug|x86
		Release|x64 = Release|x64
		Release|x86 = Release|x86
	EndGlobalSection
	GlobalSection(ProjectConfigurationPlatforms) = postSolution
		{40CB15AB-725A-4BD3-B834-6D74ED9348AA}.Debug|x64.ActiveCfg = Debug|x64
		{40CB15AB-725A-4BD3-B834-6D74ED9348AA}.Debug|x64.Build.0 = Debug|x64
		{40CB15AB-725A-4BD3-B834-6D74ED9348AA}.Debug|x86.ActiveCfg = Debug|Win32
		{40CB15AB-725A-4BD3-B834-6D74ED9348AA}.Debug|x86.Build.0 = Debug|Win32
		{40CB15AB-725A-4BD3-B834-6D74ED9348AA}.Release|x64.ActiveCfg = Release|x64
		{40CB15AB-725A-4BD3-B834-6D74ED9348AA}.Release|x64.Build.0 = Release|x64
		{40CB15AB-725A-4BD3-B834-6D74ED9348AA}.Release|x86.ActiveCfg = Release|Win32
		{40CB15AB-725A-4BD3-B834-6D74ED9348AA}.Release|x86.Build.0 = Release|Win32
		{CC675469-194B-44F6-8DBE-3A63A3E13DFF}.Debug|x64.ActiveCfg = Debug|x64
		{CC675469-194B-44F6-8DBE-3A63A3E13DFF}.Debug|x64.Build.0 = Debug|x64
		{CC675469-194B-44F6-8DBE-3A63A3E13DFF}.Debug|x86.ActiveCfg = Debug|Win32
		{CC675469-194B-44F6-8DBE-3A63A3E13DFF}.Debug|x86.Build.0 = Debug|Win32
		{CC675469-194B-44F6-8DBE-3A63A3E13DFF}.Release|x64.ActiveCfg = Release|x64
		{CC675469-194B-44F6-8DBE-3A63A3E13DFF}.Release|x64.Build.0 = Release|x64
		{CC675469-194B-44F6-8DBE-3A63A3E13DFF}.Release|x86.ActiveCfg = Release|Win32
		{CC675469-194B-44F6-8DBE-3A63A3E13DFF}.Release|x86.Build.0 = Release|Win32
		{7E6BBA86-C430-49D9-8FA8-37215006946D}.Debug|x64.ActiveCfg = Debug|x64
		{7E6BBA86-C430-49D9-8FA8-37215006946D}.Debug|x64.Build.0 = Debug|x64
		{7E6BBA86-C430-49D9-8FA8-37215006946D}.Debug|x86.ActiveCfg = Debug|Win32
		{7E6BBA86-C430-49D9-8FA8-37215006946D}.Debug|x86.Build.0 = Debug|Win32
		{7E6BBA86-C430-49D9-8FA8-37215006946D}.Release|x64.ActiveCfg = Release|x64
		{7E6BBA86-C430-49D9-8FA8-37215006946D}.Release|x64.Build.0 = Release|x64
		{7E6BBA86-C430-49D9-8FA8-37215006946D}.Release|x86.ActiveCfg = Release|Win32
		{7E6BBA86-C430-49D9-8FA8-37215006946D}.Release|x86.Build.0 = Release|Win32
	EndGlobalSection
	GlobalSection(SolutionProperties) = preSolution
		HideSolutionNode = FALSE
	EndGlobalSection
	GlobalSection(ExtensibilityGlobals) = postSolution
		SolutionGuid = {6F7686DE-4562-498B-B3A8-1001E45E393E}
	EndGlobalSection
EndGlobal
